
Microsoft Visual Studio Solution File, Format Version 12.00
# Visual Studio Version 17
VisualStudioVersion = 17.2.32602.215
MinimumVisualStudioVersion = 10.0.40219.1
Project("{8BC9CEB8-8B4A-11D0-8D11-00A0C91BC942}") = "LR6-Pavlovskaya-Shelkovy-IS22", "LR6-Pavlovskaya-Shelkovy-IS22\LR6-Pavlovskaya-Shelkovy-IS22.vcxproj", "{D02BA9E1-EB98-482A-8491-3262AADDD297}"
EndProject
Global
	GlobalSection(SolutionConfigurationPlatforms) = preSolution
		Debug|x64 = Debug|x64
		Debug|x86 = Debug|x86
		Release|x64 = Release|x64
		Release|x86 = Release|x86
	EndGlobalSection
	GlobalSection(ProjectConfigurationPlatforms) = postSolution
		{D02BA9E1-EB98-482A-8491-3262AADDD297}.Debug|x64.ActiveCfg = Debug|x64
		{D02BA9E1-EB98-482A-8491-3262AADDD297}.Debug|x64.Build.0 = Debug|x64
		{D02BA9E1-EB98-482A-8491-3262AADDD297}.Debug|x86.ActiveCfg = Debug|Win32
		{D02BA9E1-EB98-482A-8491-3262AADDD297}.Debug|x86.Build.0 = Debug|Win32
		{D02BA9E1-EB98-482A-8491-3262AADDD297}.Release|x64.ActiveCfg = Release|x64
		{D02BA9E1-EB98-482A-8491-3262AADDD297}.Release|x64.Build.0 = Release|x64
		{D02BA9E1-EB98-482A-8491-3262AADDD297}.Release|x86.ActiveCfg = Release|Win32
		{D02BA9E1-EB98-482A-8491-3262AADDD297}.Release|x86.Build.0 = Release|Win32
	EndGlobalSection
	GlobalSection(SolutionProperties) = preSolution
		HideSolutionNode = FALSE
	EndGlobalSection
	GlobalSection(ExtensibilityGlobals) = postSolution
		SolutionGuid = {71D5F516-C219-4714-920F-2FA5D17D5271}
	EndGlobalSection
EndGlobal
